
Microsoft Visual Studio Solution File, Format Version 12.00
# Visual Studio 15
VisualStudioVersion = 15.0.28010.2036
MinimumVisualStudioVersion = 10.0.40219.1
Project("{FAE04EC0-301F-11D3-BF4B-00C04F79EFBC}") = "Petroineos.Reporting", "Petroineos.Reporting\Petroineos.Reporting.csproj", "{8F1E78CE-1FA8-4083-BAFE-5A70935ABD27}"
EndProject
Project("{FAE04EC0-301F-11D3-BF4B-00C04F79EFBC}") = "Petroineos.Reporting.Tests", "Petroineos.Reporting.Tests\Petroineos.Reporting.Tests.csproj", "{E3F13C36-BF01-4237-9C32-941F5D321C18}"
EndProject
Project("{FAE04EC0-301F-11D3-BF4B-00C04F79EFBC}") = "Petroineos.Reporting.Service", "Pertoineos.Reporting.Service\Petroineos.Reporting.Service.csproj", "{9D7260DE-A2FB-4EDC-9AD8-14ED40534EB3}"
EndProject
Global
	GlobalSection(SolutionConfigurationPlatforms) = preSolution
		Debug|Any CPU = Debug|Any CPU
		Release|Any CPU = Release|Any CPU
	EndGlobalSection
	GlobalSection(ProjectConfigurationPlatforms) = postSolution
		{8F1E78CE-1FA8-4083-BAFE-5A70935ABD27}.Debug|Any CPU.ActiveCfg = Debug|Any CPU
		{8F1E78CE-1FA8-4083-BAFE-5A70935ABD27}.Debug|Any CPU.Build.0 = Debug|Any CPU
		{8F1E78CE-1FA8-4083-BAFE-5A70935ABD27}.Release|Any CPU.ActiveCfg = Release|Any CPU
		{8F1E78CE-1FA8-4083-BAFE-5A70935ABD27}.Release|Any CPU.Build.0 = Release|Any CPU
		{E3F13C36-BF01-4237-9C32-941F5D321C18}.Debug|Any CPU.ActiveCfg = Debug|Any CPU
		{E3F13C36-BF01-4237-9C32-941F5D321C18}.Debug|Any CPU.Build.0 = Debug|Any CPU
		{E3F13C36-BF01-4237-9C32-941F5D321C18}.Release|Any CPU.ActiveCfg = Release|Any CPU
		{E3F13C36-BF01-4237-9C32-941F5D321C18}.Release|Any CPU.Build.0 = Release|Any CPU
		{9D7260DE-A2FB-4EDC-9AD8-14ED40534EB3}.Debug|Any CPU.ActiveCfg = Debug|Any CPU
		{9D7260DE-A2FB-4EDC-9AD8-14ED40534EB3}.Debug|Any CPU.Build.0 = Debug|Any CPU
		{9D7260DE-A2FB-4EDC-9AD8-14ED40534EB3}.Release|Any CPU.ActiveCfg = Release|Any CPU
		{9D7260DE-A2FB-4EDC-9AD8-14ED40534EB3}.Release|Any CPU.Build.0 = Release|Any CPU
	EndGlobalSection
	GlobalSection(SolutionProperties) = preSolution
		HideSolutionNode = FALSE
	EndGlobalSection
	GlobalSection(ExtensibilityGlobals) = postSolution
		SolutionGuid = {9346474D-7806-4904-8198-FD3BECFF8C43}
	EndGlobalSection
EndGlobal
